PODS:
  - demo_app (0.0.0):
    - MapLibre (= 6.13.0)
  - MapLibre (6.13.0)

DEPENDENCIES:
  - demo_app (from `../demo-app`)

SPEC REPOS:
  trunk:
    - MapLibre

EXTERNAL SOURCES:
  demo_app:
    :path: "../demo-app"

SPEC CHECKSUMS:
  demo_app: f17e148b8e7cfcb0f72bce0d189621e58829fc5e
  MapLibre: 530d4b60fa6a07b973f538b31559b36cdbc20539

PODFILE CHECKSUM: faffe0b5720ea7a96818a908bd93100321d4e51f

COCOAPODS: 1.16.2
