PODS:
  - demo_app (0.0.0):
    - MapLibre (= 6.14.0)
  - MapLibre (6.14.0)

DEPENDENCIES:
  - demo_app (from `../demo-app`)

SPEC REPOS:
  trunk:
    - MapLibre

EXTERNAL SOURCES:
  demo_app:
    :path: "../demo-app"

SPEC CHECKSUMS:
  demo_app: 9819aa06ec1376d809c7814d844e4e4356b1bcf8
  MapLibre: 69e572367f4ef6287e18246cfafc39c80cdcabcd

PODFILE CHECKSUM: faffe0b5720ea7a96818a908bd93100321d4e51f

COCOAPODS: 1.16.2
