PODS:
  - demo_app (0.0.0):
    - MapLibre (= 6.15.0)
  - MapLibre (6.15.0)

DEPENDENCIES:
  - demo_app (from `../demo-app`)

SPEC REPOS:
  trunk:
    - MapLibre

EXTERNAL SOURCES:
  demo_app:
    :path: "../demo-app"

SPEC CHECKSUMS:
  demo_app: e08906f9630c2eff273568d253e46f84f43825d0
  MapLibre: eca7d26e6fdeacf782409290f28b744c2f5a7c16

PODFILE CHECKSUM: faffe0b5720ea7a96818a908bd93100321d4e51f

COCOAPODS: 1.16.2
